// !$*UTF8*$!
{
	archiveVersion = 1;
	classes = {
	};
	objectVersion = 56;
	objects = {

/* Begin PBXBuildFile section */
		025AF2432A3D25F200AEFCCF /* AppDelegate.swift in Sources */ = {isa = PBXBuildFile; fileRef = 025AF2422A3D25F200AEFCCF /* AppDelegate.swift */; };
		025AF2452A3D25F200AEFCCF /* SceneDelegate.swift in Sources */ = {isa = PBXBuildFile; fileRef = 025AF2442A3D25F200AEFCCF /* SceneDelegate.swift */; };
		025AF2472A3D25F200AEFCCF /* ViewController.swift in Sources */ = {isa = PBXBuildFile; fileRef = 025AF2462A3D25F200AEFCCF /* ViewController.swift */; };
		025AF24A2A3D25F200AEFCCF /* Main.storyboard in Resources */ = {isa = PBXBuildFile; fileRef = 025AF2482A3D25F200AEFCCF /* Main.storyboard */; };
		025AF24C2A3D25F300AEFCCF /* Assets.xcassets in Resources */ = {isa = PBXBuildFile; fileRef = 025AF24B2A3D25F300AEFCCF /* Assets.xcassets */; };
		025AF24F2A3D25F300AEFCCF /* LaunchScreen.storyboard in Resources */ = {isa = PBXBuildFile; fileRef = 025AF24D2A3D25F300AEFCCF /* LaunchScreen.storyboard */; };
		025AF25A2A3D25F300AEFCCF /* CleanexpressDEVTests.swift in Sources */ = {isa = PBXBuildFile; fileRef = 025AF2592A3D25F300AEFCCF /* CleanexpressDEVTests.swift */; };
		025AF2642A3D25F300AEFCCF /* CleanexpressDEVUITests.swift in Sources */ = {isa = PBXBuildFile; fileRef = 025AF2632A3D25F300AEFCCF /* CleanexpressDEVUITests.swift */; };
		025AF2662A3D25F300AEFCCF /* CleanexpressDEVUITestsLaunchTests.swift in Sources */ = {isa = PBXBuildFile; fileRef = 025AF2652A3D25F300AEFCCF /* CleanexpressDEVUITestsLaunchTests.swift */; };
		02AA23242A4201DC0030EF78 /* CloudstorageManager.swift in Sources */ = {isa = PBXBuildFile; fileRef = 02AA23232A4201DC0030EF78 /* CloudstorageManager.swift */; };
		02AA23292A42587F0030EF78 /* Car.swift in Sources */ = {isa = PBXBuildFile; fileRef = 02AA23282A42587F0030EF78 /* Car.swift */; };
		02AA232B2A4386170030EF78 /* LKPageControl.swift in Sources */ = {isa = PBXBuildFile; fileRef = 02AA232A2A4386170030EF78 /* LKPageControl.swift */; };
		02AEA9DD2A40545F0003EB90 /* GoogleService-Info.plist in Resources */ = {isa = PBXBuildFile; fileRef = 02AEA9DC2A40545F0003EB90 /* GoogleService-Info.plist */; };
		02AEA9E02A40750E0003EB90 /* FirebaseAnalytics in Frameworks */ = {isa = PBXBuildFile; productRef = 02AEA9DF2A40750E0003EB90 /* FirebaseAnalytics */; };
		02AEA9E22A40750E0003EB90 /* FirebaseAnalyticsOnDeviceConversion in Frameworks */ = {isa = PBXBuildFile; productRef = 02AEA9E12A40750E0003EB90 /* FirebaseAnalyticsOnDeviceConversion */; };
		02AEA9E42A40750E0003EB90 /* FirebaseAnalyticsSwift in Frameworks */ = {isa = PBXBuildFile; productRef = 02AEA9E32A40750E0003EB90 /* FirebaseAnalyticsSwift */; };
		02AEA9E62A40750E0003EB90 /* FirebaseAnalyticsWithoutAdIdSupport in Frameworks */ = {isa = PBXBuildFile; productRef = 02AEA9E52A40750E0003EB90 /* FirebaseAnalyticsWithoutAdIdSupport */; };
		02AEA9E82A40750E0003EB90 /* FirebaseAppCheck in Frameworks */ = {isa = PBXBuildFile; productRef = 02AEA9E72A40750E0003EB90 /* FirebaseAppCheck */; };
		02AEA9EA2A40750E0003EB90 /* FirebaseAppDistribution-Beta in Frameworks */ = {isa = PBXBuildFile; productRef = 02AEA9E92A40750E0003EB90 /* FirebaseAppDistribution-Beta */; };
		02AEA9EC2A40750E0003EB90 /* FirebaseAuth in Frameworks */ = {isa = PBXBuildFile; productRef = 02AEA9EB2A40750E0003EB90 /* FirebaseAuth */; };
		02AEA9EE2A40750E0003EB90 /* FirebaseAuthCombine-Community in Frameworks */ = {isa = PBXBuildFile; productRef = 02AEA9ED2A40750E0003EB90 /* FirebaseAuthCombine-Community */; };
		02AEA9F02A40750E0003EB90 /* FirebaseCrashlytics in Frameworks */ = {isa = PBXBuildFile; productRef = 02AEA9EF2A40750E0003EB90 /* FirebaseCrashlytics */; };
		02AEA9F22A40750E0003EB90 /* FirebaseDatabase in Frameworks */ = {isa = PBXBuildFile; productRef = 02AEA9F12A40750E0003EB90 /* FirebaseDatabase */; };
		02AEA9F42A40750E0003EB90 /* FirebaseDatabaseSwift in Frameworks */ = {isa = PBXBuildFile; productRef = 02AEA9F32A40750E0003EB90 /* FirebaseDatabaseSwift */; };
		02AEA9F62A40750E0003EB90 /* FirebaseDynamicLinks in Frameworks */ = {isa = PBXBuildFile; productRef = 02AEA9F52A40750E0003EB90 /* FirebaseDynamicLinks */; };
		02AEA9F82A40750E0003EB90 /* FirebaseFirestore in Frameworks */ = {isa = PBXBuildFile; productRef = 02AEA9F72A40750E0003EB90 /* FirebaseFirestore */; };
		02AEA9FA2A40750E0003EB90 /* FirebaseFirestoreCombine-Community in Frameworks */ = {isa = PBXBuildFile; productRef = 02AEA9F92A40750E0003EB90 /* FirebaseFirestoreCombine-Community */; };
		02AEA9FC2A40750E0003EB90 /* FirebaseFirestoreSwift in Frameworks */ = {isa = PBXBuildFile; productRef = 02AEA9FB2A40750E0003EB90 /* FirebaseFirestoreSwift */; };
		02AEA9FE2A40750E0003EB90 /* FirebaseFunctions in Frameworks */ = {isa = PBXBuildFile; productRef = 02AEA9FD2A40750E0003EB90 /* FirebaseFunctions */; };
		02AEAA002A40750E0003EB90 /* FirebaseFunctionsCombine-Community in Frameworks */ = {isa = PBXBuildFile; productRef = 02AEA9FF2A40750E0003EB90 /* FirebaseFunctionsCombine-Community */; };
		02AEAA022A40750E0003EB90 /* FirebaseInAppMessaging-Beta in Frameworks */ = {isa = PBXBuildFile; productRef = 02AEAA012A40750E0003EB90 /* FirebaseInAppMessaging-Beta */; };
		02AEAA042A40750E0003EB90 /* FirebaseInAppMessagingSwift-Beta in Frameworks */ = {isa = PBXBuildFile; productRef = 02AEAA032A40750E0003EB90 /* FirebaseInAppMessagingSwift-Beta */; };
		02AEAA062A40750E0003EB90 /* FirebaseInstallations in Frameworks */ = {isa = PBXBuildFile; productRef = 02AEAA052A40750E0003EB90 /* FirebaseInstallations */; };
		02AEAA082A40750E0003EB90 /* FirebaseMLModelDownloader in Frameworks */ = {isa = PBXBuildFile; productRef = 02AEAA072A40750E0003EB90 /* FirebaseMLModelDownloader */; };
		02AEAA0A2A40750E0003EB90 /* FirebaseMessaging in Frameworks */ = {isa = PBXBuildFile; productRef = 02AEAA092A40750E0003EB90 /* FirebaseMessaging */; };
		02AEAA0C2A40750E0003EB90 /* FirebasePerformance in Frameworks */ = {isa = PBXBuildFile; productRef = 02AEAA0B2A40750E0003EB90 /* FirebasePerformance */; };
		02AEAA0E2A40750E0003EB90 /* FirebaseRemoteConfig in Frameworks */ = {isa = PBXBuildFile; productRef = 02AEAA0D2A40750E0003EB90 /* FirebaseRemoteConfig */; };
		02AEAA102A40750E0003EB90 /* FirebaseRemoteConfigSwift in Frameworks */ = {isa = PBXBuildFile; productRef = 02AEAA0F2A40750E0003EB90 /* FirebaseRemoteConfigSwift */; };
		02AEAA122A40750E0003EB90 /* FirebaseStorage in Frameworks */ = {isa = PBXBuildFile; productRef = 02AEAA112A40750E0003EB90 /* FirebaseStorage */; };
		02AEAA142A40750E0003EB90 /* FirebaseStorageCombine-Community in Frameworks */ = {isa = PBXBuildFile; productRef = 02AEAA132A40750E0003EB90 /* FirebaseStorageCombine-Community */; };
		02AEAA172A41198E0003EB90 /* UIImageviewExtension.swift in Sources */ = {isa = PBXBuildFile; fileRef = 02AEAA162A41198E0003EB90 /* UIImageviewExtension.swift */; };
/* End PBXBuildFile section */

/* Begin PBXContainerItemProxy section */
		025AF2562A3D25F300AEFCCF /* PBXContainerItemProxy */ = {
			isa = PBXContainerItemProxy;
			containerPortal = 025AF2372A3D25F200AEFCCF /* Project object */;
			proxyType = 1;
			remoteGlobalIDString = 025AF23E2A3D25F200AEFCCF;
			remoteInfo = CleanexpressDEV;
		};
		025AF2602A3D25F300AEFCCF /* PBXContainerItemProxy */ = {
			isa = PBXContainerItemProxy;
			containerPortal = 025AF2372A3D25F200AEFCCF /* Project object */;
			proxyType = 1;
			remoteGlobalIDString = 025AF23E2A3D25F200AEFCCF;
			remoteInfo = CleanexpressDEV;
		};
/* End PBXContainerItemProxy section */

/* Begin PBXFileReference section */
		025AF23F2A3D25F200AEFCCF /* CleanexpressDEV.app */ = {isa = PBXFileReference; explicitFileType = wrapper.application; includeInIndex = 0; path = CleanexpressDEV.app; sourceTree = BUILT_PRODUCTS_DIR; };
		025AF2422A3D25F200AEFCCF /* AppDelegate.swift */ = {isa = PBXFileReference; lastKnownFileType = sourcecode.swift; path = AppDelegate.swift; sourceTree = "<group>"; };
		025AF2442A3D25F200AEFCCF /* SceneDelegate.swift */ = {isa = PBXFileReference; lastKnownFileType = sourcecode.swift; path = SceneDelegate.swift; sourceTree = "<group>"; };
		025AF2462A3D25F200AEFCCF /* ViewController.swift */ = {isa = PBXFileReference; lastKnownFileType = sourcecode.swift; path = ViewController.swift; sourceTree = "<group>"; };
		025AF2492A3D25F200AEFCCF /* Base */ = {isa = PBXFileReference; lastKnownFileType = file.storyboard; name = Base; path = Base.lproj/Main.storyboard; sourceTree = "<group>"; };
		025AF24B2A3D25F300AEFCCF /* Assets.xcassets */ = {isa = PBXFileReference; lastKnownFileType = folder.assetcatalog; path = Assets.xcassets; sourceTree = "<group>"; };
		025AF24E2A3D25F300AEFCCF /* Base */ = {isa = PBXFileReference; lastKnownFileType = file.storyboard; name = Base; path = Base.lproj/LaunchScreen.storyboard; sourceTree = "<group>"; };
		025AF2502A3D25F300AEFCCF /* Info.plist */ = {isa = PBXFileReference; lastKnownFileType = text.plist.xml; path = Info.plist; sourceTree = "<group>"; };
		025AF2552A3D25F300AEFCCF /* CleanexpressDEVTests.xctest */ = {isa = PBXFileReference; explicitFileType = wrapper.cfbundle; includeInIndex = 0; path = CleanexpressDEVTests.xctest; sourceTree = BUILT_PRODUCTS_DIR; };
		025AF2592A3D25F300AEFCCF /* CleanexpressDEVTests.swift */ = {isa = PBXFileReference; lastKnownFileType = sourcecode.swift; path = CleanexpressDEVTests.swift; sourceTree = "<group>"; };
		025AF25F2A3D25F300AEFCCF /* CleanexpressDEVUITests.xctest */ = {isa = PBXFileReference; explicitFileType = wrapper.cfbundle; includeInIndex = 0; path = CleanexpressDEVUITests.xctest; sourceTree = BUILT_PRODUCTS_DIR; };
		025AF2632A3D25F300AEFCCF /* CleanexpressDEVUITests.swift */ = {isa = PBXFileReference; lastKnownFileType = sourcecode.swift; path = CleanexpressDEVUITests.swift; sourceTree = "<group>"; };
		025AF2652A3D25F300AEFCCF /* CleanexpressDEVUITestsLaunchTests.swift */ = {isa = PBXFileReference; lastKnownFileType = sourcecode.swift; path = CleanexpressDEVUITestsLaunchTests.swift; sourceTree = "<group>"; };
		02AA23232A4201DC0030EF78 /* CloudstorageManager.swift */ = {isa = PBXFileReference; lastKnownFileType = sourcecode.swift; path = CloudstorageManager.swift; sourceTree = "<group>"; };
		02AA23282A42587F0030EF78 /* Car.swift */ = {isa = PBXFileReference; lastKnownFileType = sourcecode.swift; path = Car.swift; sourceTree = "<group>"; };
		02AA232A2A4386170030EF78 /* LKPageControl.swift */ = {isa = PBXFileReference; lastKnownFileType = sourcecode.swift; path = LKPageControl.swift; sourceTree = "<group>"; };
		02AEA9DC2A40545F0003EB90 /* GoogleService-Info.plist */ = {isa = PBXFileReference; fileEncoding = 4; lastKnownFileType = text.plist.xml; name = "GoogleService-Info.plist"; path = "../../../Downloads/GoogleService-Info.plist"; sourceTree = "<group>"; };
		02AEAA162A41198E0003EB90 /* UIImageviewExtension.swift */ = {isa = PBXFileReference; lastKnownFileType = sourcecode.swift; path = UIImageviewExtension.swift; sourceTree = "<group>"; };
/* End PBXFileReference section */

/* Begin PBXFrameworksBuildPhase section */
		025AF23C2A3D25F200AEFCCF /* Frameworks */ = {
			isa = PBXFrameworksBuildPhase;
			buildActionMask = 2147483647;
			files = (
				02AEA9F22A40750E0003EB90 /* FirebaseDatabase in Frameworks */,
				02AEAA002A40750E0003EB90 /* FirebaseFunctionsCombine-Community in Frameworks */,
				02AEA9F82A40750E0003EB90 /* FirebaseFirestore in Frameworks */,
				02AEA9E42A40750E0003EB90 /* FirebaseAnalyticsSwift in Frameworks */,
				02AEA9E02A40750E0003EB90 /* FirebaseAnalytics in Frameworks */,
				02AEA9E22A40750E0003EB90 /* FirebaseAnalyticsOnDeviceConversion in Frameworks */,
				02AEAA082A40750E0003EB90 /* FirebaseMLModelDownloader in Frameworks */,
				02AEA9FC2A40750E0003EB90 /* FirebaseFirestoreSwift in Frameworks */,
				02AEA9E82A40750E0003EB90 /* FirebaseAppCheck in Frameworks */,
				02AEA9E62A40750E0003EB90 /* FirebaseAnalyticsWithoutAdIdSupport in Frameworks */,
				02AEA9EC2A40750E0003EB90 /* FirebaseAuth in Frameworks */,
				02AEA9F02A40750E0003EB90 /* FirebaseCrashlytics in Frameworks */,
				02AEAA102A40750E0003EB90 /* FirebaseRemoteConfigSwift in Frameworks */,
				02AEAA022A40750E0003EB90 /* FirebaseInAppMessaging-Beta in Frameworks */,
				02AEA9F42A40750E0003EB90 /* FirebaseDatabaseSwift in Frameworks */,
				02AEA9FE2A40750E0003EB90 /* FirebaseFunctions in Frameworks */,
				02AEAA142A40750E0003EB90 /* FirebaseStorageCombine-Community in Frameworks */,
				02AEAA0E2A40750E0003EB90 /* FirebaseRemoteConfig in Frameworks */,
				02AEA9EA2A40750E0003EB90 /* FirebaseAppDistribution-Beta in Frameworks */,
				02AEA9EE2A40750E0003EB90 /* FirebaseAuthCombine-Community in Frameworks */,
				02AEAA0C2A40750E0003EB90 /* FirebasePerformance in Frameworks */,
				02AEAA042A40750E0003EB90 /* FirebaseInAppMessagingSwift-Beta in Frameworks */,
				02AEAA122A40750E0003EB90 /* FirebaseStorage in Frameworks */,
				02AEA9F62A40750E0003EB90 /* FirebaseDynamicLinks in Frameworks */,
				02AEA9FA2A40750E0003EB90 /* FirebaseFirestoreCombine-Community in Frameworks */,
				02AEAA0A2A40750E0003EB90 /* FirebaseMessaging in Frameworks */,
				02AEAA062A40750E0003EB90 /* FirebaseInstallations in Frameworks */,
			);
			runOnlyForDeploymentPostprocessing = 0;
		};
		025AF2522A3D25F300AEFCCF /* Frameworks */ = {
			isa = PBXFrameworksBuildPhase;
			buildActionMask = 2147483647;
			files = (
			);
			runOnlyForDeploymentPostprocessing = 0;
		};
		025AF25C2A3D25F300AEFCCF /* Frameworks */ = {
			isa = PBXFrameworksBuildPhase;
			buildActionMask = 2147483647;
			files = (
			);
			runOnlyForDeploymentPostprocessing = 0;
		};
/* End PBXFrameworksBuildPhase section */

/* Begin PBXGroup section */
		025AF2362A3D25F200AEFCCF = {
			isa = PBXGroup;
			children = (
				025AF2412A3D25F200AEFCCF /* CleanexpressDEV */,
				025AF2582A3D25F300AEFCCF /* CleanexpressDEVTests */,
				025AF2622A3D25F300AEFCCF /* CleanexpressDEVUITests */,
				025AF2402A3D25F200AEFCCF /* Products */,
			);
			sourceTree = "<group>";
		};
		025AF2402A3D25F200AEFCCF /* Products */ = {
			isa = PBXGroup;
			children = (
				025AF23F2A3D25F200AEFCCF /* CleanexpressDEV.app */,
				025AF2552A3D25F300AEFCCF /* CleanexpressDEVTests.xctest */,
				025AF25F2A3D25F300AEFCCF /* CleanexpressDEVUITests.xctest */,
			);
			name = Products;
			sourceTree = "<group>";
		};
		025AF2412A3D25F200AEFCCF /* CleanexpressDEV */ = {
			isa = PBXGroup;
			children = (
				02AEAA182A411D600003EB90 /* manager */,
				02AEAA152A4119710003EB90 /* extension */,
				02AEA9DB2A3F9B5C0003EB90 /* Objet */,
				025AF2722A3D2D8C00AEFCCF /* Service */,
				025AF2422A3D25F200AEFCCF /* AppDelegate.swift */,
				025AF2442A3D25F200AEFCCF /* SceneDelegate.swift */,
				025AF2462A3D25F200AEFCCF /* ViewController.swift */,
				025AF2482A3D25F200AEFCCF /* Main.storyboard */,
				025AF24B2A3D25F300AEFCCF /* Assets.xcassets */,
				02AEA9DC2A40545F0003EB90 /* GoogleService-Info.plist */,
				025AF24D2A3D25F300AEFCCF /* LaunchScreen.storyboard */,
				025AF2502A3D25F300AEFCCF /* Info.plist */,
			);
			path = CleanexpressDEV;
			sourceTree = "<group>";
		};
		025AF2582A3D25F300AEFCCF /* CleanexpressDEVTests */ = {
			isa = PBXGroup;
			children = (
				025AF2592A3D25F300AEFCCF /* CleanexpressDEVTests.swift */,
			);
			path = CleanexpressDEVTests;
			sourceTree = "<group>";
		};
		025AF2622A3D25F300AEFCCF /* CleanexpressDEVUITests */ = {
			isa = PBXGroup;
			children = (
				025AF2632A3D25F300AEFCCF /* CleanexpressDEVUITests.swift */,
				025AF2652A3D25F300AEFCCF /* CleanexpressDEVUITestsLaunchTests.swift */,
			);
			path = CleanexpressDEVUITests;
			sourceTree = "<group>";
		};
		025AF2722A3D2D8C00AEFCCF /* Service */ = {
			isa = PBXGroup;
			children = (
			);
			path = Service;
			sourceTree = "<group>";
		};
		02AEA9DB2A3F9B5C0003EB90 /* Objet */ = {
			isa = PBXGroup;
			children = (
				02AA23282A42587F0030EF78 /* Car.swift */,
			);
			path = Objet;
			sourceTree = "<group>";
		};
		02AEAA152A4119710003EB90 /* extension */ = {
			isa = PBXGroup;
			children = (
				02AEAA162A41198E0003EB90 /* UIImageviewExtension.swift */,
				02AA232A2A4386170030EF78 /* LKPageControl.swift */,
			);
			path = extension;
			sourceTree = "<group>";
		};
		02AEAA182A411D600003EB90 /* manager */ = {
			isa = PBXGroup;
			children = (
				02AA23232A4201DC0030EF78 /* CloudstorageManager.swift */,
			);
			path = manager;
			sourceTree = "<group>";
		};
/* End PBXGroup section */

/* Begin PBXNativeTarget section */
		025AF23E2A3D25F200AEFCCF /* CleanexpressDEV */ = {
			isa = PBXNativeTarget;
			buildConfigurationList = 025AF2692A3D25F300AEFCCF /* Build configuration list for PBXNativeTarget "CleanexpressDEV" */;
			buildPhases = (
				025AF23B2A3D25F200AEFCCF /* Sources */,
				025AF23C2A3D25F200AEFCCF /* Frameworks */,
				025AF23D2A3D25F200AEFCCF /* Resources */,
			);
			buildRules = (
			);
			dependencies = (
			);
			name = CleanexpressDEV;
			packageProductDependencies = (
				02AEA9DF2A40750E0003EB90 /* FirebaseAnalytics */,
				02AEA9E12A40750E0003EB90 /* FirebaseAnalyticsOnDeviceConversion */,
				02AEA9E32A40750E0003EB90 /* FirebaseAnalyticsSwift */,
				02AEA9E52A40750E0003EB90 /* FirebaseAnalyticsWithoutAdIdSupport */,
				02AEA9E72A40750E0003EB90 /* FirebaseAppCheck */,
				02AEA9E92A40750E0003EB90 /* FirebaseAppDistribution-Beta */,
				02AEA9EB2A40750E0003EB90 /* FirebaseAuth */,
				02AEA9ED2A40750E0003EB90 /* FirebaseAuthCombine-Community */,
				02AEA9EF2A40750E0003EB90 /* FirebaseCrashlytics */,
				02AEA9F12A40750E0003EB90 /* FirebaseDatabase */,
				02AEA9F32A40750E0003EB90 /* FirebaseDatabaseSwift */,
				02AEA9F52A40750E0003EB90 /* FirebaseDynamicLinks */,
				02AEA9F72A40750E0003EB90 /* FirebaseFirestore */,
				02AEA9F92A40750E0003EB90 /* FirebaseFirestoreCombine-Community */,
				02AEA9FB2A40750E0003EB90 /* FirebaseFirestoreSwift */,
				02AEA9FD2A40750E0003EB90 /* FirebaseFunctions */,
				02AEA9FF2A40750E0003EB90 /* FirebaseFunctionsCombine-Community */,
				02AEAA012A40750E0003EB90 /* FirebaseInAppMessaging-Beta */,
				02AEAA032A40750E0003EB90 /* FirebaseInAppMessagingSwift-Beta */,
				02AEAA052A40750E0003EB90 /* FirebaseInstallations */,
				02AEAA072A40750E0003EB90 /* FirebaseMLModelDownloader */,
				02AEAA092A40750E0003EB90 /* FirebaseMessaging */,
				02AEAA0B2A40750E0003EB90 /* FirebasePerformance */,
				02AEAA0D2A40750E0003EB90 /* FirebaseRemoteConfig */,
				02AEAA0F2A40750E0003EB90 /* FirebaseRemoteConfigSwift */,
				02AEAA112A40750E0003EB90 /* FirebaseStorage */,
				02AEAA132A40750E0003EB90 /* FirebaseStorageCombine-Community */,
			);
			productName = CleanexpressDEV;
			productReference = 025AF23F2A3D25F200AEFCCF /* CleanexpressDEV.app */;
			productType = "com.apple.product-type.application";
		};
		025AF2542A3D25F300AEFCCF /* CleanexpressDEVTests */ = {
			isa = PBXNativeTarget;
			buildConfigurationList = 025AF26C2A3D25F300AEFCCF /* Build configuration list for PBXNativeTarget "CleanexpressDEVTests" */;
			buildPhases = (
				025AF2512A3D25F300AEFCCF /* Sources */,
				025AF2522A3D25F300AEFCCF /* Frameworks */,
				025AF2532A3D25F300AEFCCF /* Resources */,
			);
			buildRules = (
			);
			dependencies = (
				025AF2572A3D25F300AEFCCF /* PBXTargetDependency */,
			);
			name = CleanexpressDEVTests;
			productName = CleanexpressDEVTests;
			productReference = 025AF2552A3D25F300AEFCCF /* CleanexpressDEVTests.xctest */;
			productType = "com.apple.product-type.bundle.unit-test";
		};
		025AF25E2A3D25F300AEFCCF /* CleanexpressDEVUITests */ = {
			isa = PBXNativeTarget;
			buildConfigurationList = 025AF26F2A3D25F300AEFCCF /* Build configuration list for PBXNativeTarget "CleanexpressDEVUITests" */;
			buildPhases = (
				025AF25B2A3D25F300AEFCCF /* Sources */,
				025AF25C2A3D25F300AEFCCF /* Frameworks */,
				025AF25D2A3D25F300AEFCCF /* Resources */,
			);
			buildRules = (
			);
			dependencies = (
				025AF2612A3D25F300AEFCCF /* PBXTargetDependency */,
			);
			name = CleanexpressDEVUITests;
			productName = CleanexpressDEVUITests;
			productReference = 025AF25F2A3D25F300AEFCCF /* CleanexpressDEVUITests.xctest */;
			productType = "com.apple.product-type.bundle.ui-testing";
		};
/* End PBXNativeTarget section */

/* Begin PBXProject section */
		025AF2372A3D25F200AEFCCF /* Project object */ = {
			isa = PBXProject;
			attributes = {
				BuildIndependentTargetsInParallel = 1;
				LastSwiftUpdateCheck = 1430;
				LastUpgradeCheck = 1430;
				TargetAttributes = {
					025AF23E2A3D25F200AEFCCF = {
						CreatedOnToolsVersion = 14.3.1;
					};
					025AF2542A3D25F300AEFCCF = {
						CreatedOnToolsVersion = 14.3.1;
						TestTargetID = 025AF23E2A3D25F200AEFCCF;
					};
					025AF25E2A3D25F300AEFCCF = {
						CreatedOnToolsVersion = 14.3.1;
						TestTargetID = 025AF23E2A3D25F200AEFCCF;
					};
				};
			};
			buildConfigurationList = 025AF23A2A3D25F200AEFCCF /* Build configuration list for PBXProject "CleanexpressDEV" */;
			compatibilityVersion = "Xcode 14.0";
			developmentRegion = en;
			hasScannedForEncodings = 0;
			knownRegions = (
				en,
				Base,
			);
			mainGroup = 025AF2362A3D25F200AEFCCF;
			packageReferences = (
				02AEA9DE2A40750E0003EB90 /* XCRemoteSwiftPackageReference "firebase-ios-sdk" */,
			);
			productRefGroup = 025AF2402A3D25F200AEFCCF /* Products */;
			projectDirPath = "";
			projectRoot = "";
			targets = (
				025AF23E2A3D25F200AEFCCF /* CleanexpressDEV */,
				025AF2542A3D25F300AEFCCF /* CleanexpressDEVTests */,
				025AF25E2A3D25F300AEFCCF /* CleanexpressDEVUITests */,
			);
		};
/* End PBXProject section */

/* Begin PBXResourcesBuildPhase section */
		025AF23D2A3D25F200AEFCCF /* Resources */ = {
			isa = PBXResourcesBuildPhase;
			buildActionMask = 2147483647;
			files = (
				025AF24F2A3D25F300AEFCCF /* LaunchScreen.storyboard in Resources */,
				02AEA9DD2A40545F0003EB90 /* GoogleService-Info.plist in Resources */,
				025AF24C2A3D25F300AEFCCF /* Assets.xcassets in Resources */,
				025AF24A2A3D25F200AEFCCF /* Main.storyboard in Resources */,
			);
			runOnlyForDeploymentPostprocessing = 0;
		};
		025AF2532A3D25F300AEFCCF /* Resources */ = {
			isa = PBXResourcesBuildPhase;
			buildActionMask = 2147483647;
			files = (
			);
			runOnlyForDeploymentPostprocessing = 0;
		};
		025AF25D2A3D25F300AEFCCF /* Resources */ = {
			isa = PBXResourcesBuildPhase;
			buildActionMask = 2147483647;
			files = (
			);
			runOnlyForDeploymentPostprocessing = 0;
		};
/* End PBXResourcesBuildPhase section */

/* Begin PBXSourcesBuildPhase section */
		025AF23B2A3D25F200AEFCCF /* Sources */ = {
			isa = PBXSourcesBuildPhase;
			buildActionMask = 2147483647;
			files = (
				02AA23242A4201DC0030EF78 /* CloudstorageManager.swift in Sources */,
				025AF2472A3D25F200AEFCCF /* ViewController.swift in Sources */,
				02AA23292A42587F0030EF78 /* Car.swift in Sources */,
				025AF2432A3D25F200AEFCCF /* AppDelegate.swift in Sources */,
				02AA232B2A4386170030EF78 /* LKPageControl.swift in Sources */,
				02AEAA172A41198E0003EB90 /* UIImageviewExtension.swift in Sources */,
				025AF2452A3D25F200AEFCCF /* SceneDelegate.swift in Sources */,
			);
			runOnlyForDeploymentPostprocessing = 0;
		};
		025AF2512A3D25F300AEFCCF /* Sources */ = {
			isa = PBXSourcesBuildPhase;
			buildActionMask = 2147483647;
			files = (
				025AF25A2A3D25F300AEFCCF /* CleanexpressDEVTests.swift in Sources */,
			);
			runOnlyForDeploymentPostprocessing = 0;
		};
		025AF25B2A3D25F300AEFCCF /* Sources */ = {
			isa = PBXSourcesBuildPhase;
			buildActionMask = 2147483647;
			files = (
				025AF2642A3D25F300AEFCCF /* CleanexpressDEVUITests.swift in Sources */,
				025AF2662A3D25F300AEFCCF /* CleanexpressDEVUITestsLaunchTests.swift in Sources */,
			);
			runOnlyForDeploymentPostprocessing = 0;
		};
/* End PBXSourcesBuildPhase section */

/* Begin PBXTargetDependency section */
		025AF2572A3D25F300AEFCCF /* PBXTargetDependency */ = {
			isa = PBXTargetDependency;
			target = 025AF23E2A3D25F200AEFCCF /* CleanexpressDEV */;
			targetProxy = 025AF2562A3D25F300AEFCCF /* PBXContainerItemProxy */;
		};
		025AF2612A3D25F300AEFCCF /* PBXTargetDependency */ = {
			isa = PBXTargetDependency;
			target = 025AF23E2A3D25F200AEFCCF /* CleanexpressDEV */;
			targetProxy = 025AF2602A3D25F300AEFCCF /* PBXContainerItemProxy */;
		};
/* End PBXTargetDependency section */

/* Begin PBXVariantGroup section */
		025AF2482A3D25F200AEFCCF /* Main.storyboard */ = {
			isa = PBXVariantGroup;
			children = (
				025AF2492A3D25F200AEFCCF /* Base */,
			);
			name = Main.storyboard;
			sourceTree = "<group>";
		};
		025AF24D2A3D25F300AEFCCF /* LaunchScreen.storyboard */ = {
			isa = PBXVariantGroup;
			children = (
				025AF24E2A3D25F300AEFCCF /* Base */,
			);
			name = LaunchScreen.storyboard;
			sourceTree = "<group>";
		};
/* End PBXVariantGroup section */

/* Begin XCBuildConfiguration section */
		025AF2672A3D25F300AEFCCF /* Debug */ = {
			isa = XCBuildConfiguration;
			buildSettings = {
				ALWAYS_SEARCH_USER_PATHS = NO;
				CLANG_ANALYZER_NONNULL = YES;
				CLANG_ANALYZER_NUMBER_OBJECT_CONVERSION = YES_AGGRESSIVE;
				CLANG_CXX_LANGUAGE_STANDARD = "gnu++20";
				CLANG_ENABLE_MODULES = YES;
				CLANG_ENABLE_OBJC_ARC = YES;
				CLANG_ENABLE_OBJC_WEAK = YES;
				CLANG_WARN_BLOCK_CAPTURE_AUTORELEASING = YES;
				CLANG_WARN_BOOL_CONVERSION = YES;
				CLANG_WARN_COMMA = YES;
				CLANG_WARN_CONSTANT_CONVERSION = YES;
				CLANG_WARN_DEPRECATED_OBJC_IMPLEMENTATIONS = YES;
				CLANG_WARN_DIRECT_OBJC_ISA_USAGE = YES_ERROR;
				CLANG_WARN_DOCUMENTATION_COMMENTS = YES;
				CLANG_WARN_EMPTY_BODY = YES;
				CLANG_WARN_ENUM_CONVERSION = YES;
				CLANG_WARN_INFINITE_RECURSION = YES;
				CLANG_WARN_INT_CONVERSION = YES;
				CLANG_WARN_NON_LITERAL_NULL_CONVERSION = YES;
				CLANG_WARN_OBJC_IMPLICIT_RETAIN_SELF = YES;
				CLANG_WARN_OBJC_LITERAL_CONVERSION = YES;
				CLANG_WARN_OBJC_ROOT_CLASS = YES_ERROR;
				CLANG_WARN_QUOTED_INCLUDE_IN_FRAMEWORK_HEADER = YES;
				CLANG_WARN_RANGE_LOOP_ANALYSIS = YES;
				CLANG_WARN_STRICT_PROTOTYPES = YES;
				CLANG_WARN_SUSPICIOUS_MOVE = YES;
				CLANG_WARN_UNGUARDED_AVAILABILITY = YES_AGGRESSIVE;
				CLANG_WARN_UNREACHABLE_CODE = YES;
				CLANG_WARN__DUPLICATE_METHOD_MATCH = YES;
				COPY_PHASE_STRIP = NO;
				DEBUG_INFORMATION_FORMAT = dwarf;
				ENABLE_STRICT_OBJC_MSGSEND = YES;
				ENABLE_TESTABILITY = YES;
				GCC_C_LANGUAGE_STANDARD = gnu11;
				GCC_DYNAMIC_NO_PIC = NO;
				GCC_NO_COMMON_BLOCKS = YES;
				GCC_OPTIMIZATION_LEVEL = 0;
				GCC_PREPROCESSOR_DEFINITIONS = (
					"DEBUG=1",
					"$(inherited)",
				);
				GCC_WARN_64_TO_32_BIT_CONVERSION = YES;
				GCC_WARN_ABOUT_RETURN_TYPE = YES_ERROR;
				GCC_WARN_UNDECLARED_SELECTOR = YES;
				GCC_WARN_UNINITIALIZED_AUTOS = YES_AGGRESSIVE;
				GCC_WARN_UNUSED_FUNCTION = YES;
				GCC_WARN_UNUSED_VARIABLE = YES;
				IPHONEOS_DEPLOYMENT_TARGET = 16.4;
				MTL_ENABLE_DEBUG_INFO = INCLUDE_SOURCE;
				MTL_FAST_MATH = YES;
				ONLY_ACTIVE_ARCH = YES;
				SDKROOT = iphoneos;
				SWIFT_ACTIVE_COMPILATION_CONDITIONS = DEBUG;
				SWIFT_OPTIMIZATION_LEVEL = "-Onone";
			};
			name = Debug;
		};
		025AF2682A3D25F300AEFCCF /* Release */ = {
			isa = XCBuildConfiguration;
			buildSettings = {
				ALWAYS_SEARCH_USER_PATHS = NO;
				CLANG_ANALYZER_NONNULL = YES;
				CLANG_ANALYZER_NUMBER_OBJECT_CONVERSION = YES_AGGRESSIVE;
				CLANG_CXX_LANGUAGE_STANDARD = "gnu++20";
				CLANG_ENABLE_MODULES = YES;
				CLANG_ENABLE_OBJC_ARC = YES;
				CLANG_ENABLE_OBJC_WEAK = YES;
				CLANG_WARN_BLOCK_CAPTURE_AUTORELEASING = YES;
				CLANG_WARN_BOOL_CONVERSION = YES;
				CLANG_WARN_COMMA = YES;
				CLANG_WARN_CONSTANT_CONVERSION = YES;
				CLANG_WARN_DEPRECATED_OBJC_IMPLEMENTATIONS = YES;
				CLANG_WARN_DIRECT_OBJC_ISA_USAGE = YES_ERROR;
				CLANG_WARN_DOCUMENTATION_COMMENTS = YES;
				CLANG_WARN_EMPTY_BODY = YES;
				CLANG_WARN_ENUM_CONVERSION = YES;
				CLANG_WARN_INFINITE_RECURSION = YES;
				CLANG_WARN_INT_CONVERSION = YES;
				CLANG_WARN_NON_LITERAL_NULL_CONVERSION = YES;
				CLANG_WARN_OBJC_IMPLICIT_RETAIN_SELF = YES;
				CLANG_WARN_OBJC_LITERAL_CONVERSION = YES;
				CLANG_WARN_OBJC_ROOT_CLASS = YES_ERROR;
				CLANG_WARN_QUOTED_INCLUDE_IN_FRAMEWORK_HEADER = YES;
				CLANG_WARN_RANGE_LOOP_ANALYSIS = YES;
				CLANG_WARN_STRICT_PROTOTYPES = YES;
				CLANG_WARN_SUSPICIOUS_MOVE = YES;
				CLANG_WARN_UNGUARDED_AVAILABILITY = YES_AGGRESSIVE;
				CLANG_WARN_UNREACHABLE_CODE = YES;
				CLANG_WARN__DUPLICATE_METHOD_MATCH = YES;
				COPY_PHASE_STRIP = NO;
				DEBUG_INFORMATION_FORMAT = "dwarf-with-dsym";
				ENABLE_NS_ASSERTIONS = NO;
				ENABLE_STRICT_OBJC_MSGSEND = YES;
				GCC_C_LANGUAGE_STANDARD = gnu11;
				GCC_NO_COMMON_BLOCKS = YES;
				GCC_WARN_64_TO_32_BIT_CONVERSION = YES;
				GCC_WARN_ABOUT_RETURN_TYPE = YES_ERROR;
				GCC_WARN_UNDECLARED_SELECTOR = YES;
				GCC_WARN_UNINITIALIZED_AUTOS = YES_AGGRESSIVE;
				GCC_WARN_UNUSED_FUNCTION = YES;
				GCC_WARN_UNUSED_VARIABLE = YES;
				IPHONEOS_DEPLOYMENT_TARGET = 16.4;
				MTL_ENABLE_DEBUG_INFO = NO;
				MTL_FAST_MATH = YES;
				SDKROOT = iphoneos;
				SWIFT_COMPILATION_MODE = wholemodule;
				SWIFT_OPTIMIZATION_LEVEL = "-O";
				VALIDATE_PRODUCT = YES;
			};
			name = Release;
		};
		025AF26A2A3D25F300AEFCCF /* Debug */ = {
			isa = XCBuildConfiguration;
			buildSettings = {
				ASSETCATALOG_COMPILER_APPICON_NAME = AppIcon;
				ASSETCATALOG_COMPILER_GLOBAL_ACCENT_COLOR_NAME = AccentColor;
				CODE_SIGN_STYLE = Automatic;
				CURRENT_PROJECT_VERSION = 1;
				DEVELOPMENT_TEAM = A99D6N4C2B;
				GENERATE_INFOPLIST_FILE = YES;
				INFOPLIST_FILE = CleanexpressDEV/Info.plist;
				INFOPLIST_KEY_CFBundleDisplayName = "Clean express";
				INFOPLIST_KEY_LSApplicationCategoryType = "public.app-category.productivity";
				INFOPLIST_KEY_UIApplicationSupportsIndirectInputEvents = YES;
				INFOPLIST_KEY_UILaunchStoryboardName = LaunchScreen;
				INFOPLIST_KEY_UIMainStoryboardFile = Main;
				INFOPLIST_KEY_UISupportedInterfaceOrientations_iPad = "UIInterfaceOrientationPortrait UIInterfaceOrientationPortraitUpsideDown UIInterfaceOrientationLandscapeLeft UIInterfaceOrientationLandscapeRight";
				INFOPLIST_KEY_UISupportedInterfaceOrientations_iPhone = "UIInterfaceOrientationPortrait UIInterfaceOrientationLandscapeLeft UIInterfaceOrientationLandscapeRight";
				LD_RUNPATH_SEARCH_PATHS = (
					"$(inherited)",
					"@executable_path/Frameworks",
				);
				MARKETING_VERSION = 1.0;
				PRODUCT_BUNDLE_IDENTIFIER = mohammedichou.CleanexpressDEV;
				PRODUCT_NAME = "$(TARGET_NAME)";
				SWIFT_EMIT_LOC_STRINGS = YES;
				SWIFT_VERSION = 5.0;
				TARGETED_DEVICE_FAMILY = "1,2";
			};
			name = Debug;
		};
		025AF26B2A3D25F300AEFCCF /* Release */ = {
			isa = XCBuildConfiguration;
			buildSettings = {
				ASSETCATALOG_COMPILER_APPICON_NAME = AppIcon;
				ASSETCATALOG_COMPILER_GLOBAL_ACCENT_COLOR_NAME = AccentColor;
				CODE_SIGN_STYLE = Automatic;
				CURRENT_PROJECT_VERSION = 1;
				DEVELOPMENT_TEAM = A99D6N4C2B;
				GENERATE_INFOPLIST_FILE = YES;
				INFOPLIST_FILE = CleanexpressDEV/Info.plist;
				INFOPLIST_KEY_CFBundleDisplayName = "Clean express";
				INFOPLIST_KEY_LSApplicationCategoryType = "public.app-category.productivity";
				INFOPLIST_KEY_UIApplicationSupportsIndirectInputEvents = YES;
				INFOPLIST_KEY_UILaunchStoryboardName = LaunchScreen;
				INFOPLIST_KEY_UIMainStoryboardFile = Main;
				INFOPLIST_KEY_UISupportedInterfaceOrientations_iPad = "UIInterfaceOrientationPortrait UIInterfaceOrientationPortraitUpsideDown UIInterfaceOrientationLandscapeLeft UIInterfaceOrientationLandscapeRight";
				INFOPLIST_KEY_UISupportedInterfaceOrientations_iPhone = "UIInterfaceOrientationPortrait UIInterfaceOrientationLandscapeLeft UIInterfaceOrientationLandscapeRight";
				LD_RUNPATH_SEARCH_PATHS = (
					"$(inherited)",
					"@executable_path/Frameworks",
				);
				MARKETING_VERSION = 1.0;
				PRODUCT_BUNDLE_IDENTIFIER = mohammedichou.CleanexpressDEV;
				PRODUCT_NAME = "$(TARGET_NAME)";
				SWIFT_EMIT_LOC_STRINGS = YES;
				SWIFT_VERSION = 5.0;
				TARGETED_DEVICE_FAMILY = "1,2";
			};
			name = Release;
		};
		025AF26D2A3D25F300AEFCCF /* Debug */ = {
			isa = XCBuildConfiguration;
			buildSettings = {
				ALWAYS_EMBED_SWIFT_STANDARD_LIBRARIES = YES;
				BUNDLE_LOADER = "$(TEST_HOST)";
				CODE_SIGN_STYLE = Automatic;
				CURRENT_PROJECT_VERSION = 1;
				DEVELOPMENT_TEAM = A99D6N4C2B;
				GENERATE_INFOPLIST_FILE = YES;
				IPHONEOS_DEPLOYMENT_TARGET = 16.4;
				MARKETING_VERSION = 1.0;
				PRODUCT_BUNDLE_IDENTIFIER = mohammedichou.CleanexpressDEVTests;
				PRODUCT_NAME = "$(TARGET_NAME)";
				SWIFT_EMIT_LOC_STRINGS = NO;
				SWIFT_VERSION = 5.0;
				TARGETED_DEVICE_FAMILY = "1,2";
				TEST_HOST = "$(BUILT_PRODUCTS_DIR)/CleanexpressDEV.app/$(BUNDLE_EXECUTABLE_FOLDER_PATH)/CleanexpressDEV";
			};
			name = Debug;
		};
		025AF26E2A3D25F300AEFCCF /* Release */ = {
			isa = XCBuildConfiguration;
			buildSettings = {
				ALWAYS_EMBED_SWIFT_STANDARD_LIBRARIES = YES;
				BUNDLE_LOADER = "$(TEST_HOST)";
				CODE_SIGN_STYLE = Automatic;
				CURRENT_PROJECT_VERSION = 1;
				DEVELOPMENT_TEAM = A99D6N4C2B;
				GENERATE_INFOPLIST_FILE = YES;
				IPHONEOS_DEPLOYMENT_TARGET = 16.4;
				MARKETING_VERSION = 1.0;
				PRODUCT_BUNDLE_IDENTIFIER = mohammedichou.CleanexpressDEVTests;
				PRODUCT_NAME = "$(TARGET_NAME)";
				SWIFT_EMIT_LOC_STRINGS = NO;
				SWIFT_VERSION = 5.0;
				TARGETED_DEVICE_FAMILY = "1,2";
				TEST_HOST = "$(BUILT_PRODUCTS_DIR)/CleanexpressDEV.app/$(BUNDLE_EXECUTABLE_FOLDER_PATH)/CleanexpressDEV";
			};
			name = Release;
		};
		025AF2702A3D25F300AEFCCF /* Debug */ = {
			isa = XCBuildConfiguration;
			buildSettings = {
				ALWAYS_EMBED_SWIFT_STANDARD_LIBRARIES = YES;
				CODE_SIGN_STYLE = Automatic;
				CURRENT_PROJECT_VERSION = 1;
				DEVELOPMENT_TEAM = A99D6N4C2B;
				GENERATE_INFOPLIST_FILE = YES;
				MARKETING_VERSION = 1.0;
				PRODUCT_BUNDLE_IDENTIFIER = mohammedichou.CleanexpressDEVUITests;
				PRODUCT_NAME = "$(TARGET_NAME)";
				SWIFT_EMIT_LOC_STRINGS = NO;
				SWIFT_VERSION = 5.0;
				TARGETED_DEVICE_FAMILY = "1,2";
				TEST_TARGET_NAME = CleanexpressDEV;
			};
			name = Debug;
		};
		025AF2712A3D25F300AEFCCF /* Release */ = {
			isa = XCBuildConfiguration;
			buildSettings = {
				ALWAYS_EMBED_SWIFT_STANDARD_LIBRARIES = YES;
				CODE_SIGN_STYLE = Automatic;
				CURRENT_PROJECT_VERSION = 1;
				DEVELOPMENT_TEAM = A99D6N4C2B;
				GENERATE_INFOPLIST_FILE = YES;
				MARKETING_VERSION = 1.0;
				PRODUCT_BUNDLE_IDENTIFIER = mohammedichou.CleanexpressDEVUITests;
				PRODUCT_NAME = "$(TARGET_NAME)";
				SWIFT_EMIT_LOC_STRINGS = NO;
				SWIFT_VERSION = 5.0;
				TARGETED_DEVICE_FAMILY = "1,2";
				TEST_TARGET_NAME = CleanexpressDEV;
			};
			name = Release;
		};
/* End XCBuildConfiguration section */

/* Begin XCConfigurationList section */
		025AF23A2A3D25F200AEFCCF /* Build configuration list for PBXProject "CleanexpressDEV" */ = {
			isa = XCConfigurationList;
			buildConfigurations = (
				025AF2672A3D25F300AEFCCF /* Debug */,
				025AF2682A3D25F300AEFCCF /* Release */,
			);
			defaultConfigurationIsVisible = 0;
			defaultConfigurationName = Release;
		};
		025AF2692A3D25F300AEFCCF /* Build configuration list for PBXNativeTarget "CleanexpressDEV" */ = {
			isa = XCConfigurationList;
			buildConfigurations = (
				025AF26A2A3D25F300AEFCCF /* Debug */,
				025AF26B2A3D25F300AEFCCF /* Release */,
			);
			defaultConfigurationIsVisible = 0;
			defaultConfigurationName = Release;
		};
		025AF26C2A3D25F300AEFCCF /* Build configuration list for PBXNativeTarget "CleanexpressDEVTests" */ = {
			isa = XCConfigurationList;
			buildConfigurations = (
				025AF26D2A3D25F300AEFCCF /* Debug */,
				025AF26E2A3D25F300AEFCCF /* Release */,
			);
			defaultConfigurationIsVisible = 0;
			defaultConfigurationName = Release;
		};
		025AF26F2A3D25F300AEFCCF /* Build configuration list for PBXNativeTarget "CleanexpressDEVUITests" */ = {
			isa = XCConfigurationList;
			buildConfigurations = (
				025AF2702A3D25F300AEFCCF /* Debug */,
				025AF2712A3D25F300AEFCCF /* Release */,
			);
			defaultConfigurationIsVisible = 0;
			defaultConfigurationName = Release;
		};
/* End XCConfigurationList section */

/* Begin XCRemoteSwiftPackageReference section */
		02AEA9DE2A40750E0003EB90 /* XCRemoteSwiftPackageReference "firebase-ios-sdk" */ = {
			isa = XCRemoteSwiftPackageReference;
			repositoryURL = "https://github.com/firebase/firebase-ios-sdk";
			requirement = {
				kind = upToNextMajorVersion;
				minimumVersion = 10.0.0;
			};
		};
/* End XCRemoteSwiftPackageReference section */

/* Begin XCSwiftPackageProductDependency section */
		02AEA9DF2A40750E0003EB90 /* FirebaseAnalytics */ = {
			isa = XCSwiftPackageProductDependency;
			package = 02AEA9DE2A40750E0003EB90 /* XCRemoteSwiftPackageReference "firebase-ios-sdk" */;
			productName = FirebaseAnalytics;
		};
		02AEA9E12A40750E0003EB90 /* FirebaseAnalyticsOnDeviceConversion */ = {
			isa = XCSwiftPackageProductDependency;
			package = 02AEA9DE2A40750E0003EB90 /* XCRemoteSwiftPackageReference "firebase-ios-sdk" */;
			productName = FirebaseAnalyticsOnDeviceConversion;
		};
		02AEA9E32A40750E0003EB90 /* FirebaseAnalyticsSwift */ = {
			isa = XCSwiftPackageProductDependency;
			package = 02AEA9DE2A40750E0003EB90 /* XCRemoteSwiftPackageReference "firebase-ios-sdk" */;
			productName = FirebaseAnalyticsSwift;
		};
		02AEA9E52A40750E0003EB90 /* FirebaseAnalyticsWithoutAdIdSupport */ = {
			isa = XCSwiftPackageProductDependency;
			package = 02AEA9DE2A40750E0003EB90 /* XCRemoteSwiftPackageReference "firebase-ios-sdk" */;
			productName = FirebaseAnalyticsWithoutAdIdSupport;
		};
		02AEA9E72A40750E0003EB90 /* FirebaseAppCheck */ = {
			isa = XCSwiftPackageProductDependency;
			package = 02AEA9DE2A40750E0003EB90 /* XCRemoteSwiftPackageReference "firebase-ios-sdk" */;
			productName = FirebaseAppCheck;
		};
		02AEA9E92A40750E0003EB90 /* FirebaseAppDistribution-Beta */ = {
			isa = XCSwiftPackageProductDependency;
			package = 02AEA9DE2A40750E0003EB90 /* XCRemoteSwiftPackageReference "firebase-ios-sdk" */;
			productName = "FirebaseAppDistribution-Beta";
		};
		02AEA9EB2A40750E0003EB90 /* FirebaseAuth */ = {
			isa = XCSwiftPackageProductDependency;
			package = 02AEA9DE2A40750E0003EB90 /* XCRemoteSwiftPackageReference "firebase-ios-sdk" */;
			productName = FirebaseAuth;
		};
		02AEA9ED2A40750E0003EB90 /* FirebaseAuthCombine-Community */ = {
			isa = XCSwiftPackageProductDependency;
			package = 02AEA9DE2A40750E0003EB90 /* XCRemoteSwiftPackageReference "firebase-ios-sdk" */;
			productName = "FirebaseAuthCombine-Community";
		};
		02AEA9EF2A40750E0003EB90 /* FirebaseCrashlytics */ = {
			isa = XCSwiftPackageProductDependency;
			package = 02AEA9DE2A40750E0003EB90 /* XCRemoteSwiftPackageReference "firebase-ios-sdk" */;
			productName = FirebaseCrashlytics;
		};
		02AEA9F12A40750E0003EB90 /* FirebaseDatabase */ = {
			isa = XCSwiftPackageProductDependency;
			package = 02AEA9DE2A40750E0003EB90 /* XCRemoteSwiftPackageReference "firebase-ios-sdk" */;
			productName = FirebaseDatabase;
		};
		02AEA9F32A40750E0003EB90 /* FirebaseDatabaseSwift */ = {
			isa = XCSwiftPackageProductDependency;
			package = 02AEA9DE2A40750E0003EB90 /* XCRemoteSwiftPackageReference "firebase-ios-sdk" */;
			productName = FirebaseDatabaseSwift;
		};
		02AEA9F52A40750E0003EB90 /* FirebaseDynamicLinks */ = {
			isa = XCSwiftPackageProductDependency;
			package = 02AEA9DE2A40750E0003EB90 /* XCRemoteSwiftPackageReference "firebase-ios-sdk" */;
			productName = FirebaseDynamicLinks;
		};
		02AEA9F72A40750E0003EB90 /* FirebaseFirestore */ = {
			isa = XCSwiftPackageProductDependency;
			package = 02AEA9DE2A40750E0003EB90 /* XCRemoteSwiftPackageReference "firebase-ios-sdk" */;
			productName = FirebaseFirestore;
		};
		02AEA9F92A40750E0003EB90 /* FirebaseFirestoreCombine-Community */ = {
			isa = XCSwiftPackageProductDependency;
			package = 02AEA9DE2A40750E0003EB90 /* XCRemoteSwiftPackageReference "firebase-ios-sdk" */;
			productName = "FirebaseFirestoreCombine-Community";
		};
		02AEA9FB2A40750E0003EB90 /* FirebaseFirestoreSwift */ = {
			isa = XCSwiftPackageProductDependency;
			package = 02AEA9DE2A40750E0003EB90 /* XCRemoteSwiftPackageReference "firebase-ios-sdk" */;
			productName = FirebaseFirestoreSwift;
		};
		02AEA9FD2A40750E0003EB90 /* FirebaseFunctions */ = {
			isa = XCSwiftPackageProductDependency;
			package = 02AEA9DE2A40750E0003EB90 /* XCRemoteSwiftPackageReference "firebase-ios-sdk" */;
			productName = FirebaseFunctions;
		};
		02AEA9FF2A40750E0003EB90 /* FirebaseFunctionsCombine-Community */ = {
			isa = XCSwiftPackageProductDependency;
			package = 02AEA9DE2A40750E0003EB90 /* XCRemoteSwiftPackageReference "firebase-ios-sdk" */;
			productName = "FirebaseFunctionsCombine-Community";
		};
		02AEAA012A40750E0003EB90 /* FirebaseInAppMessaging-Beta */ = {
			isa = XCSwiftPackageProductDependency;
			package = 02AEA9DE2A40750E0003EB90 /* XCRemoteSwiftPackageReference "firebase-ios-sdk" */;
			productName = "FirebaseInAppMessaging-Beta";
		};
		02AEAA032A40750E0003EB90 /* FirebaseInAppMessagingSwift-Beta */ = {
			isa = XCSwiftPackageProductDependency;
			package = 02AEA9DE2A40750E0003EB90 /* XCRemoteSwiftPackageReference "firebase-ios-sdk" */;
			productName = "FirebaseInAppMessagingSwift-Beta";
		};
		02AEAA052A40750E0003EB90 /* FirebaseInstallations */ = {
			isa = XCSwiftPackageProductDependency;
			package = 02AEA9DE2A40750E0003EB90 /* XCRemoteSwiftPackageReference "firebase-ios-sdk" */;
			productName = FirebaseInstallations;
		};
		02AEAA072A40750E0003EB90 /* FirebaseMLModelDownloader */ = {
			isa = XCSwiftPackageProductDependency;
			package = 02AEA9DE2A40750E0003EB90 /* XCRemoteSwiftPackageReference "firebase-ios-sdk" */;
			productName = FirebaseMLModelDownloader;
		};
		02AEAA092A40750E0003EB90 /* FirebaseMessaging */ = {
			isa = XCSwiftPackageProductDependency;
			package = 02AEA9DE2A40750E0003EB90 /* XCRemoteSwiftPackageReference "firebase-ios-sdk" */;
			productName = FirebaseMessaging;
		};
		02AEAA0B2A40750E0003EB90 /* FirebasePerformance */ = {
			isa = XCSwiftPackageProductDependency;
			package = 02AEA9DE2A40750E0003EB90 /* XCRemoteSwiftPackageReference "firebase-ios-sdk" */;
			productName = FirebasePerformance;
		};
		02AEAA0D2A40750E0003EB90 /* FirebaseRemoteConfig */ = {
			isa = XCSwiftPackageProductDependency;
			package = 02AEA9DE2A40750E0003EB90 /* XCRemoteSwiftPackageReference "firebase-ios-sdk" */;
			productName = FirebaseRemoteConfig;
		};
		02AEAA0F2A40750E0003EB90 /* FirebaseRemoteConfigSwift */ = {
			isa = XCSwiftPackageProductDependency;
			package = 02AEA9DE2A40750E0003EB90 /* XCRemoteSwiftPackageReference "firebase-ios-sdk" */;
			productName = FirebaseRemoteConfigSwift;
		};
		02AEAA112A40750E0003EB90 /* FirebaseStorage */ = {
			isa = XCSwiftPackageProductDependency;
			package = 02AEA9DE2A40750E0003EB90 /* XCRemoteSwiftPackageReference "firebase-ios-sdk" */;
			productName = FirebaseStorage;
		};
		02AEAA132A40750E0003EB90 /* FirebaseStorageCombine-Community */ = {
			isa = XCSwiftPackageProductDependency;
			package = 02AEA9DE2A40750E0003EB90 /* XCRemoteSwiftPackageReference "firebase-ios-sdk" */;
			productName = "FirebaseStorageCombine-Community";
		};
/* End XCSwiftPackageProductDependency section */
	};
	rootObject = 025AF2372A3D25F200AEFCCF /* Project object */;
}
